
Microsoft Visual Studio Solution File, Format Version 12.00
# Visual Studio Version 17
VisualStudioVersion = 17.14.37710.0 d17.14
MinimumVisualStudioVersion = 10.0.40219.1
Project("{FAE04EC0-301F-11D3-BF4B-00C04F79EFBC}") = "calculadora", "calculadora.csproj", "{849A2C35-08E7-4C25-BA9A-34CDBC2CF84C}"
EndProject
Global
	GlobalSection(SolutionConfigurationPlatforms) = preSolution
		Debug|Any CPU = Debug|Any CPU
		Release|Any CPU = Release|Any CPU
	EndGlobalSection
	GlobalSection(ProjectConfigurationPlatforms) = postSolution
		{849A2C35-08E7-4C25-BA9A-34CDBC2CF84C}.Debug|Any CPU.ActiveCfg = Debug|Any CPU
		{849A2C35-08E7-4C25-BA9A-34CDBC2CF84C}.Debug|Any CPU.Build.0 = Debug|Any CPU
		{849A2C35-08E7-4C25-BA9A-34CDBC2CF84C}.Release|Any CPU.ActiveCfg = Release|Any CPU
		{849A2C35-08E7-4C25-BA9A-34CDBC2CF84C}.Release|Any CPU.Build.0 = Release|Any CPU
	EndGlobalSection
	GlobalSection(SolutionProperties) = preSolution
		HideSolutionNode = FALSE
	EndGlobalSection
	GlobalSection(ExtensibilityGlobals) = postSolution
		SolutionGuid = {B87D681F-ABE0-4245-B17A-7A42DB0CBED3}
	EndGlobalSection
EndGlobal
